
Microsoft Visual Studio Solution File, Format Version 12.00
# Visual Studio Version 17
VisualStudioVersion = 17.0.32112.339
MinimumVisualStudioVersion = 10.0.40219.1
Project("{FAE04EC0-301F-11D3-BF4B-00C04F79EFBC}") = "HelloWorldVS", "HelloWorldVS\HelloWorldVS.csproj", "{7764472D-147E-483B-AE5E-B3AE0374CB93}"
EndProject
Global
	GlobalSection(SolutionConfigurationPlatforms) = preSolution
		Debug|Any CPU = Debug|Any CPU
		Release|Any CPU = Release|Any CPU
	EndGlobalSection
	GlobalSection(ProjectConfigurationPlatforms) = postSolution
		{7764472D-147E-483B-AE5E-B3AE0374CB93}.Debug|Any CPU.ActiveCfg = Debug|Any CPU
		{7764472D-147E-483B-AE5E-B3AE0374CB93}.Debug|Any CPU.Build.0 = Debug|Any CPU
		{7764472D-147E-483B-AE5E-B3AE0374CB93}.Release|Any CPU.ActiveCfg = Release|Any CPU
		{7764472D-147E-483B-AE5E-B3AE0374CB93}.Release|Any CPU.Build.0 = Release|Any CPU
	EndGlobalSection
	GlobalSection(SolutionProperties) = preSolution
		HideSolutionNode = FALSE
	EndGlobalSection
	GlobalSection(ExtensibilityGlobals) = postSolution
		SolutionGuid = {996E3993-4861-4044-8904-0FA5FCCEBA70}
	EndGlobalSection
EndGlobal
