
Microsoft Visual Studio Solution File, Format Version 12.00
# Visual Studio Version 17
VisualStudioVersion = 17.5.002.0
MinimumVisualStudioVersion = 10.0.40219.1
Project("{9A19103F-16F7-4668-BE54-9A1E7A4F7556}") = "ListAndAbstractClasses", "ListAndAbstractClasses.csproj", "{4D341EF3-817A-4B1F-9C6A-F3FDA8DF80C1}"
EndProject
Global
	GlobalSection(SolutionConfigurationPlatforms) = preSolution
		Debug|Any CPU = Debug|Any CPU
		Release|Any CPU = Release|Any CPU
	EndGlobalSection
	GlobalSection(ProjectConfigurationPlatforms) = postSolution
		{4D341EF3-817A-4B1F-9C6A-F3FDA8DF80C1}.Debug|Any CPU.ActiveCfg = Debug|Any CPU
		{4D341EF3-817A-4B1F-9C6A-F3FDA8DF80C1}.Debug|Any CPU.Build.0 = Debug|Any CPU
		{4D341EF3-817A-4B1F-9C6A-F3FDA8DF80C1}.Release|Any CPU.ActiveCfg = Release|Any CPU
		{4D341EF3-817A-4B1F-9C6A-F3FDA8DF80C1}.Release|Any CPU.Build.0 = Release|Any CPU
	EndGlobalSection
	GlobalSection(SolutionProperties) = preSolution
		HideSolutionNode = FALSE
	EndGlobalSection
	GlobalSection(ExtensibilityGlobals) = postSolution
		SolutionGuid = {772BD221-EA3F-4A44-9DDD-D8C1AC43E3E4}
	EndGlobalSection
EndGlobal
