
Microsoft Visual Studio Solution File, Format Version 12.00
# Visual Studio Version 17
VisualStudioVersion = 17.5.002.0
MinimumVisualStudioVersion = 10.0.40219.1
Project("{9A19103F-16F7-4668-BE54-9A1E7A4F7556}") = "In-class-2", "In-class-2.csproj", "{532EEE92-B0B7-4517-8A22-C1F0DF6B4617}"
EndProject
Global
	GlobalSection(SolutionConfigurationPlatforms) = preSolution
		Debug|Any CPU = Debug|Any CPU
		Release|Any CPU = Release|Any CPU
	EndGlobalSection
	GlobalSection(ProjectConfigurationPlatforms) = postSolution
		{532EEE92-B0B7-4517-8A22-C1F0DF6B4617}.Debug|Any CPU.ActiveCfg = Debug|Any CPU
		{532EEE92-B0B7-4517-8A22-C1F0DF6B4617}.Debug|Any CPU.Build.0 = Debug|Any CPU
		{532EEE92-B0B7-4517-8A22-C1F0DF6B4617}.Release|Any CPU.ActiveCfg = Release|Any CPU
		{532EEE92-B0B7-4517-8A22-C1F0DF6B4617}.Release|Any CPU.Build.0 = Release|Any CPU
	EndGlobalSection
	GlobalSection(SolutionProperties) = preSolution
		HideSolutionNode = FALSE
	EndGlobalSection
	GlobalSection(ExtensibilityGlobals) = postSolution
		SolutionGuid = {A5A6CEC9-14B6-4E30-8C9B-62799F8A99B1}
	EndGlobalSection
EndGlobal
