
Microsoft Visual Studio Solution File, Format Version 12.00
# Visual Studio Version 17
VisualStudioVersion = 17.0.32112.339
MinimumVisualStudioVersion = 10.0.40219.1
Project("{FAE04EC0-301F-11D3-BF4B-00C04F79EFBC}") = "TodoApi", "TodoApi\TodoApi.csproj", "{5A75AD42-B353-4902-8972-057E073DF4D8}"
EndProject
Global
	GlobalSection(SolutionConfigurationPlatforms) = preSolution
		Debug|Any CPU = Debug|Any CPU
		Release|Any CPU = Release|Any CPU
	EndGlobalSection
	GlobalSection(ProjectConfigurationPlatforms) = postSolution
		{5A75AD42-B353-4902-8972-057E073DF4D8}.Debug|Any CPU.ActiveCfg = Debug|Any CPU
		{5A75AD42-B353-4902-8972-057E073DF4D8}.Debug|Any CPU.Build.0 = Debug|Any CPU
		{5A75AD42-B353-4902-8972-057E073DF4D8}.Release|Any CPU.ActiveCfg = Release|Any CPU
		{5A75AD42-B353-4902-8972-057E073DF4D8}.Release|Any CPU.Build.0 = Release|Any CPU
	EndGlobalSection
	GlobalSection(SolutionProperties) = preSolution
		HideSolutionNode = FALSE
	EndGlobalSection
	GlobalSection(ExtensibilityGlobals) = postSolution
		SolutionGuid = {C2889AA8-FC50-458E-81A3-A259FFA2F751}
	EndGlobalSection
EndGlobal
